
Microsoft Visual Studio Solution File, Format Version 12.00
# Visual Studio Version 17
VisualStudioVersion = 17.3.32825.248
MinimumVisualStudioVersion = 10.0.40219.1
Project("{FAE04EC0-301F-11D3-BF4B-00C04F79EFBC}") = "StudentLib", "StudentLib\StudentLib.csproj", "{29B45AF4-3AFA-4B0D-8CFE-312ECA1013AF}"
EndProject
Project("{FAE04EC0-301F-11D3-BF4B-00C04F79EFBC}") = "StudentTest", "StudentTest\StudentTest.csproj", "{30234F1A-C5EC-44B1-823C-02EBC8AAE59C}"
EndProject
Project("{FAE04EC0-301F-11D3-BF4B-00C04F79EFBC}") = "StudentServiceTest", "StudentServiceTest\StudentServiceTest.csproj", "{BBBFE4CF-6EA2-4D8E-9441-7AEB4AC901C3}"
EndProject
Global
	GlobalSection(SolutionConfigurationPlatforms) = preSolution
		Debug|Any CPU = Debug|Any CPU
		Release|Any CPU = Release|Any CPU
	EndGlobalSection
	GlobalSection(ProjectConfigurationPlatforms) = postSolution
		{29B45AF4-3AFA-4B0D-8CFE-312ECA1013AF}.Debug|Any CPU.ActiveCfg = Debug|Any CPU
		{29B45AF4-3AFA-4B0D-8CFE-312ECA1013AF}.Debug|Any CPU.Build.0 = Debug|Any CPU
		{29B45AF4-3AFA-4B0D-8CFE-312ECA1013AF}.Release|Any CPU.ActiveCfg = Release|Any CPU
		{29B45AF4-3AFA-4B0D-8CFE-312ECA1013AF}.Release|Any CPU.Build.0 = Release|Any CPU
		{30234F1A-C5EC-44B1-823C-02EBC8AAE59C}.Debug|Any CPU.ActiveCfg = Debug|Any CPU
		{30234F1A-C5EC-44B1-823C-02EBC8AAE59C}.Debug|Any CPU.Build.0 = Debug|Any CPU
		{30234F1A-C5EC-44B1-823C-02EBC8AAE59C}.Release|Any CPU.ActiveCfg = Release|Any CPU
		{30234F1A-C5EC-44B1-823C-02EBC8AAE59C}.Release|Any CPU.Build.0 = Release|Any CPU
		{BBBFE4CF-6EA2-4D8E-9441-7AEB4AC901C3}.Debug|Any CPU.ActiveCfg = Debug|Any CPU
		{BBBFE4CF-6EA2-4D8E-9441-7AEB4AC901C3}.Debug|Any CPU.Build.0 = Debug|Any CPU
		{BBBFE4CF-6EA2-4D8E-9441-7AEB4AC901C3}.Release|Any CPU.ActiveCfg = Release|Any CPU
		{BBBFE4CF-6EA2-4D8E-9441-7AEB4AC901C3}.Release|Any CPU.Build.0 = Release|Any CPU
	EndGlobalSection
	GlobalSection(SolutionProperties) = preSolution
		HideSolutionNode = FALSE
	EndGlobalSection
	GlobalSection(ExtensibilityGlobals) = postSolution
		SolutionGuid = {1927082B-C96D-45BC-9D5B-B33F6EAF7D9B}
	EndGlobalSection
EndGlobal
